
Microsoft Visual Studio Solution File, Format Version 12.00
# Visual Studio Version 16
VisualStudioVersion = 16.0.31205.134
MinimumVisualStudioVersion = 10.0.40219.1
Project("{FAE04EC0-301F-11D3-BF4B-00C04F79EFBC}") = "Verta", "Verta\Verta.csproj", "{92F242B1-DE9C-4121-94FA-7427C8D939D0}"
EndProject
Global
	GlobalSection(SolutionConfigurationPlatforms) = preSolution
		Debug|Any CPU = Debug|Any CPU
		Release|Any CPU = Release|Any CPU
	EndGlobalSection
	GlobalSection(ProjectConfigurationPlatforms) = postSolution
		{92F242B1-DE9C-4121-94FA-7427C8D939D0}.Debug|Any CPU.ActiveCfg = Debug|Any CPU
		{92F242B1-DE9C-4121-94FA-7427C8D939D0}.Debug|Any CPU.Build.0 = Debug|Any CPU
		{92F242B1-DE9C-4121-94FA-7427C8D939D0}.Release|Any CPU.ActiveCfg = Release|Any CPU
		{92F242B1-DE9C-4121-94FA-7427C8D939D0}.Release|Any CPU.Build.0 = Release|Any CPU
	EndGlobalSection
	GlobalSection(SolutionProperties) = preSolution
		HideSolutionNode = FALSE
	EndGlobalSection
	GlobalSection(ExtensibilityGlobals) = postSolution
		SolutionGuid = {F93623FE-3E74-446E-BB47-169621321E7F}
	EndGlobalSection
EndGlobal
